
Microsoft Visual Studio Solution File, Format Version 12.00
# Visual Studio Version 17
VisualStudioVersion = 17.11.35327.3
MinimumVisualStudioVersion = 10.0.40219.1
Project("{FAE04EC0-301F-11D3-BF4B-00C04F79EFBC}") = "Server", "Server\Server.csproj", "{B54D61EA-83D4-41CF-9B18-D014BD2441EE}"
EndProject
Project("{FAE04EC0-301F-11D3-BF4B-00C04F79EFBC}") = "Klijent", "..\Klijent\Klijent.csproj", "{94CE7615-C7C1-4727-98A5-D1C580214E7F}"
EndProject
Project("{FAE04EC0-301F-11D3-BF4B-00C04F79EFBC}") = "KlaseZaIgru", "KlaseZaIgru\KlaseZaIgru.csproj", "{73E221FE-99BC-4C6D-B81D-2D499049844C}"
EndProject
Project("{FAE04EC0-301F-11D3-BF4B-00C04F79EFBC}") = "PokretanjeViseKlijenta", "..\PokretanjeViseKlijenta\PokretanjeViseKlijenta.csproj", "{03995612-D744-457A-886B-DC6C8CF7C655}"
EndProject
Global
	GlobalSection(SolutionConfigurationPlatforms) = preSolution
		Debug|Any CPU = Debug|Any CPU
		Release|Any CPU = Release|Any CPU
	EndGlobalSection
	GlobalSection(ProjectConfigurationPlatforms) = postSolution
		{B54D61EA-83D4-41CF-9B18-D014BD2441EE}.Debug|Any CPU.ActiveCfg = Debug|Any CPU
		{B54D61EA-83D4-41CF-9B18-D014BD2441EE}.Debug|Any CPU.Build.0 = Debug|Any CPU
		{B54D61EA-83D4-41CF-9B18-D014BD2441EE}.Release|Any CPU.ActiveCfg = Release|Any CPU
		{B54D61EA-83D4-41CF-9B18-D014BD2441EE}.Release|Any CPU.Build.0 = Release|Any CPU
		{94CE7615-C7C1-4727-98A5-D1C580214E7F}.Debug|Any CPU.ActiveCfg = Debug|Any CPU
		{94CE7615-C7C1-4727-98A5-D1C580214E7F}.Debug|Any CPU.Build.0 = Debug|Any CPU
		{94CE7615-C7C1-4727-98A5-D1C580214E7F}.Release|Any CPU.ActiveCfg = Release|Any CPU
		{94CE7615-C7C1-4727-98A5-D1C580214E7F}.Release|Any CPU.Build.0 = Release|Any CPU
		{73E221FE-99BC-4C6D-B81D-2D499049844C}.Debug|Any CPU.ActiveCfg = Debug|Any CPU
		{73E221FE-99BC-4C6D-B81D-2D499049844C}.Debug|Any CPU.Build.0 = Debug|Any CPU
		{73E221FE-99BC-4C6D-B81D-2D499049844C}.Release|Any CPU.ActiveCfg = Release|Any CPU
		{73E221FE-99BC-4C6D-B81D-2D499049844C}.Release|Any CPU.Build.0 = Release|Any CPU
		{03995612-D744-457A-886B-DC6C8CF7C655}.Debug|Any CPU.ActiveCfg = Debug|Any CPU
		{03995612-D744-457A-886B-DC6C8CF7C655}.Debug|Any CPU.Build.0 = Debug|Any CPU
		{03995612-D744-457A-886B-DC6C8CF7C655}.Release|Any CPU.ActiveCfg = Release|Any CPU
		{03995612-D744-457A-886B-DC6C8CF7C655}.Release|Any CPU.Build.0 = Release|Any CPU
	EndGlobalSection
	GlobalSection(SolutionProperties) = preSolution
		HideSolutionNode = FALSE
	EndGlobalSection
	GlobalSection(ExtensibilityGlobals) = postSolution
		SolutionGuid = {A78000AD-26AD-4E69-A971-451BEF1B599C}
	EndGlobalSection
EndGlobal
